
Microsoft Visual Studio Solution File, Format Version 11.00
# Visual Studio 2010
Project("{FAE04EC0-301F-11D3-BF4B-00C04F79EFBC}") = "DUET Transport management system", "DUET Transport management system\DUET Transport management system.csproj", "{EA0FD29D-F44E-4DC1-8E82-36C7C94BFFC2}"
EndProject
Project("{2150E333-8FDC-42A3-9474-1A3956D46DE8}") = "NewFolder1", "NewFolder1", "{8F178534-5314-4AFB-BDC6-E6F6DCFAC565}"
EndProject
Global
	GlobalSection(SolutionConfigurationPlatforms) = preSolution
		Debug|x86 = Debug|x86
		Release|x86 = Release|x86
	EndGlobalSection
	GlobalSection(ProjectConfigurationPlatforms) = postSolution
		{EA0FD29D-F44E-4DC1-8E82-36C7C94BFFC2}.Debug|x86.ActiveCfg = Debug|x86
		{EA0FD29D-F44E-4DC1-8E82-36C7C94BFFC2}.Debug|x86.Build.0 = Debug|x86
		{EA0FD29D-F44E-4DC1-8E82-36C7C94BFFC2}.Release|x86.ActiveCfg = Release|x86
		{EA0FD29D-F44E-4DC1-8E82-36C7C94BFFC2}.Release|x86.Build.0 = Release|x86
	EndGlobalSection
	GlobalSection(SolutionProperties) = preSolution
		HideSolutionNode = FALSE
	EndGlobalSection
EndGlobal
